{
  "name": "@serverless-devs/orm",
  "version": "0.0.2",
  "lockfileVersion": 2,
  "requires": true,
  "packages": {
    "": {
      "name": "@serverless-devs/orm",
      "version": "0.0.2",
      "license": "MIT",
      "dependencies": {
        "lodash": "^4.17.21",
        "loopback-filters": "^1.1.1",
        "lowdb": "^6.0.1"
      }
    },
    "node_modules/_debug@3.2.7@debug": {
      "name": "debug",
      "version": "3.2.7",
      "license": "MIT",
      "dependencies": {
        "ms": "^2.1.1"
      }
    },
    "node_modules/_debug@3.2.7@debug/node_modules/ms": {
      "resolved": "node_modules/_ms@2.1.3@ms",
      "link": true
    },
    "node_modules/_loopback-filters@1.1.1@loopback-filters": {
      "name": "loopback-filters",
      "version": "1.1.1",
      "license": "MIT",
      "dependencies": {
        "debug": "^3.1.0"
      },
      "engines": {
        "node": ">=4.0.0"
      }
    },
    "node_modules/_loopback-filters@1.1.1@loopback-filters/node_modules/debug": {
      "resolved": "node_modules/_debug@3.2.7@debug",
      "link": true
    },
    "node_modules/_ms@2.1.3@ms": {
      "name": "ms",
      "version": "2.1.3",
      "license": "MIT"
    },
    "node_modules/lodash": {
      "version": "4.17.21",
      "resolved": "https://registry.npmjs.org/lodash/-/lodash-4.17.21.tgz",
      "integrity": "sha512-v2kDEe57lecTulaDIuNTPy3Ry4gLGJ6Z1O3vE1krgXZNrsQ+LFTGHVxVjcXPs17LhbZVGedAJv8XZ1tvj5FvSg=="
    },
    "node_modules/loopback-filters": {
      "resolved": "node_modules/_loopback-filters@1.1.1@loopback-filters",
      "link": true
    },
    "node_modules/lowdb": {
      "version": "6.0.1",
      "license": "MIT",
      "dependencies": {
        "steno": "^3.0.0"
      },
      "engines": {
        "node": ">=16"
      },
      "funding": {
        "url": "https://github.com/sponsors/typicode"
      }
    },
    "node_modules/steno": {
      "version": "3.0.0",
      "license": "MIT",
      "engines": {
        "node": ">=14.16"
      },
      "funding": {
        "url": "https://github.com/sponsors/typicode"
      }
    }
  },
  "dependencies": {
    "_debug@3.2.7@debug": {
      "version": "npm:debug@3.2.7",
      "requires": {
        "ms": "^2.1.1"
      },
      "dependencies": {
        "ms": {
          "version": "file:node_modules/_ms@2.1.3@ms"
        }
      }
    },
    "_loopback-filters@1.1.1@loopback-filters": {
      "version": "npm:loopback-filters@1.1.1",
      "requires": {
        "debug": "^3.1.0"
      },
      "dependencies": {
        "debug": {
          "version": "file:node_modules/_debug@3.2.7@debug",
          "requires": {
            "ms": "^2.1.1"
          },
          "dependencies": {
            "ms": {
              "version": "file:node_modules/_ms@2.1.3@ms"
            }
          }
        }
      }
    },
    "_ms@2.1.3@ms": {
      "version": "npm:ms@2.1.3"
    },
    "lodash": {
      "version": "4.17.21",
      "resolved": "https://registry.npmjs.org/lodash/-/lodash-4.17.21.tgz",
      "integrity": "sha512-v2kDEe57lecTulaDIuNTPy3Ry4gLGJ6Z1O3vE1krgXZNrsQ+LFTGHVxVjcXPs17LhbZVGedAJv8XZ1tvj5FvSg=="
    },
    "loopback-filters": {
      "version": "file:node_modules/_loopback-filters@1.1.1@loopback-filters",
      "requires": {
        "debug": "^3.1.0"
      },
      "dependencies": {
        "debug": {
          "version": "file:node_modules/_debug@3.2.7@debug",
          "requires": {
            "ms": "^2.1.1"
          },
          "dependencies": {
            "ms": {
              "version": "file:node_modules/_ms@2.1.3@ms"
            }
          }
        }
      }
    },
    "lowdb": {
      "version": "6.0.1",
      "requires": {
        "steno": "^3.0.0"
      }
    },
    "steno": {
      "version": "3.0.0"
    }
  }
}
